GEM
  remote: https://rubygems.org/
  specs:
    bigdecimal (4.1.2)
    google-protobuf (4.35.1)
      bigdecimal
      rake (~> 13.3)
    google-protobuf (4.35.1-aarch64-linux-gnu)
      bigdecimal
      rake (~> 13.3)
    google-protobuf (4.35.1-aarch64-linux-musl)
      bigdecimal
      rake (~> 13.3)
    google-protobuf (4.35.1-arm64-darwin)
      bigdecimal
      rake (~> 13.3)
    google-protobuf (4.35.1-x86-linux-gnu)
      bigdecimal
      rake (~> 13.3)
    google-protobuf (4.35.1-x86-linux-musl)
      bigdecimal
      rake (~> 13.3)
    google-protobuf (4.35.1-x86_64-darwin)
      bigdecimal
      rake (~> 13.3)
    google-protobuf (4.35.1-x86_64-linux-gnu)
      bigdecimal
      rake (~> 13.3)
    google-protobuf (4.35.1-x86_64-linux-musl)
      bigdecimal
      rake (~> 13.3)
    logger (1.7.0)
    rake (13.4.2)
    temporalio (1.6.0)
      google-protobuf (>= 3.25.0)
      logger
    temporalio (1.6.0-aarch64-linux)
      google-protobuf (>= 3.25.0)
      logger
    temporalio (1.6.0-aarch64-linux-musl)
      google-protobuf (>= 3.25.0)
      logger
    temporalio (1.6.0-arm64-darwin)
      google-protobuf (>= 3.25.0)
      logger
    temporalio (1.6.0-x86_64-darwin)
      google-protobuf (>= 3.25.0)
      logger
    temporalio (1.6.0-x86_64-linux)
      google-protobuf (>= 3.25.0)
      logger
    temporalio (1.6.0-x86_64-linux-musl)
      google-protobuf (>= 3.25.0)
      logger

PLATFORMS
  aarch64-linux
  aarch64-linux-gnu
  aarch64-linux-musl
  arm64-darwin
  ruby
  x86-linux-gnu
  x86-linux-musl
  x86_64-darwin
  x86_64-linux-gnu
  x86_64-linux-musl

DEPENDENCIES
  temporalio (~> 1.6)

CHECKSUMS
  bigdecimal (4.1.2) sha256=53d217666027eab4280346fba98e7d5b66baaae1b9c3c1c0ffe89d48188a3fbd
  google-protobuf (4.35.1) sha256=a3a6471331d918f58dfa4d014a8f6286f0af2cf4840216bde52fcf2ea3fe3726
  google-protobuf (4.35.1-aarch64-linux-gnu) sha256=50ca44d0eeff3f8475e630a1accdd974256f3510694d574e2c9d6119ea8bc9e1
  google-protobuf (4.35.1-aarch64-linux-musl) sha256=d5c65cef6bd6498a9e5ed5f88cf6cf7e341c10b0a005e32137d5d1a2b6e8c18a
  google-protobuf (4.35.1-arm64-darwin) sha256=d9c957df04fa89c749fa9a72a7b383eb4296efc9b2303dc6fd6fbe39c698ad6b
  google-protobuf (4.35.1-x86-linux-gnu) sha256=cc7492566b27ad8b5dfa3a7b6f9b11e905050cc53c2fa8ff22de375a9e7a70fb
  google-protobuf (4.35.1-x86-linux-musl) sha256=ab403790b59e4dc588ffbed1eaacf05d4ca2f0d12ac9c13d6c64e69380d8c99e
  google-protobuf (4.35.1-x86_64-darwin) sha256=66b62b4df00931018a692806df66393efa960d6d2b7da69735187249f950d3ee
  google-protobuf (4.35.1-x86_64-linux-gnu) sha256=c786439087512a3fbd199e9897d265b855f951d4027e218ea55e858d45969edd
  google-protobuf (4.35.1-x86_64-linux-musl) sha256=91890eb0002934a339fdb7d77a147c46b7474b6799db27872b747b905837f744
  logger (1.7.0) sha256=196edec7cc44b66cfb40f9755ce11b392f21f7967696af15d274dde7edff0203
  rake (13.4.2) sha256=cb825b2bd5f1f8e91ca37bddb4b9aaf345551b4731da62949be002fa89283701
  temporalio (1.6.0) sha256=16f3230865fb821d1a36f94f0c0c60f08f3de176527db6f466db8d7b7c19f06f
  temporalio (1.6.0-aarch64-linux) sha256=33a2d73efe00a1e9d8e288331cfb4b4f6440952444152025b80a28118d840772
  temporalio (1.6.0-aarch64-linux-musl) sha256=a831b2f7ebb23214b991b5cf6c5bd22ba044216b4e06d4a8db8aba24bafa8ba4
  temporalio (1.6.0-arm64-darwin) sha256=768c8ede4b384fffd142be5046161c261d6cedf75d9eb30a72080f6e338900ca
  temporalio (1.6.0-x86_64-darwin) sha256=e76ccd3ee46b3e1cb4da66d84ae741f34504e531dd12c069a20208facee8878b
  temporalio (1.6.0-x86_64-linux) sha256=e09582bda5ec49c9fe05ed3621cc2b289c371679b48b3e7aeff6635853253d2a
  temporalio (1.6.0-x86_64-linux-musl) sha256=b40ae04006a05826878c5fdf244314d0cc97b72b2e698161dc0175d5590785f2

BUNDLED WITH
  4.0.16
